
Microsoft Visual Studio Solution File, Format Version 12.00
# Visual Studio 2013
VisualStudioVersion = 12.0.21005.1
MinimumVisualStudioVersion = 10.0.40219.1
Project("{FAE04EC0-301F-11D3-BF4B-00C04F79EFBC}") = "Volleyball", "Volleyball\Volleyball.csproj", "{FFC7F851-42B4-463F-95BE-03AAAB9116E7}"
EndProject
Project("{FAE04EC0-301F-11D3-BF4B-00C04F79EFBC}") = "VolleyballTests", "VolleyballTests\VolleyballTests.csproj", "{82D1529C-F6E9-4A13-BF27-B9A78DEF7819}"
EndProject
Project("{FAE04EC0-301F-11D3-BF4B-00C04F79EFBC}") = "Infrastructure", "Infrastructure\Infrastructure.csproj", "{23CD8E12-F2DA-44ED-9B78-9BF46784F333}"
EndProject
Project("{FAE04EC0-301F-11D3-BF4B-00C04F79EFBC}") = "Wpfvolley", "Wpfvolley\Wpfvolley.csproj", "{51B431CC-100B-4AC1-9F56-614D090F89C3}"
EndProject
Global
	GlobalSection(SolutionConfigurationPlatforms) = preSolution
		Debug|Any CPU = Debug|Any CPU
		Debug|ARM = Debug|ARM
		Debug|x64 = Debug|x64
		Debug|x86 = Debug|x86
		Release|Any CPU = Release|Any CPU
		Release|ARM = Release|ARM
		Release|x64 = Release|x64
		Release|x86 = Release|x86
	EndGlobalSection
	GlobalSection(ProjectConfigurationPlatforms) = postSolution
		{FFC7F851-42B4-463F-95BE-03AAAB9116E7}.Debug|Any CPU.ActiveCfg = Debug|Any CPU
		{FFC7F851-42B4-463F-95BE-03AAAB9116E7}.Debug|Any CPU.Build.0 = Debug|Any CPU
		{FFC7F851-42B4-463F-95BE-03AAAB9116E7}.Debug|ARM.ActiveCfg = Debug|Any CPU
		{FFC7F851-42B4-463F-95BE-03AAAB9116E7}.Debug|x64.ActiveCfg = Debug|Any CPU
		{FFC7F851-42B4-463F-95BE-03AAAB9116E7}.Debug|x86.ActiveCfg = Debug|Any CPU
		{FFC7F851-42B4-463F-95BE-03AAAB9116E7}.Release|Any CPU.ActiveCfg = Release|Any CPU
		{FFC7F851-42B4-463F-95BE-03AAAB9116E7}.Release|Any CPU.Build.0 = Release|Any CPU
		{FFC7F851-42B4-463F-95BE-03AAAB9116E7}.Release|ARM.ActiveCfg = Release|Any CPU
		{FFC7F851-42B4-463F-95BE-03AAAB9116E7}.Release|x64.ActiveCfg = Release|Any CPU
		{FFC7F851-42B4-463F-95BE-03AAAB9116E7}.Release|x86.ActiveCfg = Release|Any CPU
		{82D1529C-F6E9-4A13-BF27-B9A78DEF7819}.Debug|Any CPU.ActiveCfg = Debug|Any CPU
		{82D1529C-F6E9-4A13-BF27-B9A78DEF7819}.Debug|Any CPU.Build.0 = Debug|Any CPU
		{82D1529C-F6E9-4A13-BF27-B9A78DEF7819}.Debug|ARM.ActiveCfg = Debug|Any CPU
		{82D1529C-F6E9-4A13-BF27-B9A78DEF7819}.Debug|x64.ActiveCfg = Debug|Any CPU
		{82D1529C-F6E9-4A13-BF27-B9A78DEF7819}.Debug|x86.ActiveCfg = Debug|Any CPU
		{82D1529C-F6E9-4A13-BF27-B9A78DEF7819}.Release|Any CPU.ActiveCfg = Release|Any CPU
		{82D1529C-F6E9-4A13-BF27-B9A78DEF7819}.Release|Any CPU.Build.0 = Release|Any CPU
		{82D1529C-F6E9-4A13-BF27-B9A78DEF7819}.Release|ARM.ActiveCfg = Release|Any CPU
		{82D1529C-F6E9-4A13-BF27-B9A78DEF7819}.Release|x64.ActiveCfg = Release|Any CPU
		{82D1529C-F6E9-4A13-BF27-B9A78DEF7819}.Release|x86.ActiveCfg = Release|Any CPU
		{23CD8E12-F2DA-44ED-9B78-9BF46784F333}.Debug|Any CPU.ActiveCfg = Debug|Any CPU
		{23CD8E12-F2DA-44ED-9B78-9BF46784F333}.Debug|Any CPU.Build.0 = Debug|Any CPU
		{23CD8E12-F2DA-44ED-9B78-9BF46784F333}.Debug|ARM.ActiveCfg = Debug|Any CPU
		{23CD8E12-F2DA-44ED-9B78-9BF46784F333}.Debug|x64.ActiveCfg = Debug|Any CPU
		{23CD8E12-F2DA-44ED-9B78-9BF46784F333}.Debug|x86.ActiveCfg = Debug|Any CPU
		{23CD8E12-F2DA-44ED-9B78-9BF46784F333}.Release|Any CPU.ActiveCfg = Release|Any CPU
		{23CD8E12-F2DA-44ED-9B78-9BF46784F333}.Release|Any CPU.Build.0 = Release|Any CPU
		{23CD8E12-F2DA-44ED-9B78-9BF46784F333}.Release|ARM.ActiveCfg = Release|Any CPU
		{23CD8E12-F2DA-44ED-9B78-9BF46784F333}.Release|x64.ActiveCfg = Release|Any CPU
		{23CD8E12-F2DA-44ED-9B78-9BF46784F333}.Release|x86.ActiveCfg = Release|Any CPU
		{51B431CC-100B-4AC1-9F56-614D090F89C3}.Debug|Any CPU.ActiveCfg = Debug|Any CPU
		{51B431CC-100B-4AC1-9F56-614D090F89C3}.Debug|Any CPU.Build.0 = Debug|Any CPU
		{51B431CC-100B-4AC1-9F56-614D090F89C3}.Debug|ARM.ActiveCfg = Debug|Any CPU
		{51B431CC-100B-4AC1-9F56-614D090F89C3}.Debug|x64.ActiveCfg = Debug|Any CPU
		{51B431CC-100B-4AC1-9F56-614D090F89C3}.Debug|x86.ActiveCfg = Debug|Any CPU
		{51B431CC-100B-4AC1-9F56-614D090F89C3}.Release|Any CPU.ActiveCfg = Release|Any CPU
		{51B431CC-100B-4AC1-9F56-614D090F89C3}.Release|Any CPU.Build.0 = Release|Any CPU
		{51B431CC-100B-4AC1-9F56-614D090F89C3}.Release|ARM.ActiveCfg = Release|Any CPU
		{51B431CC-100B-4AC1-9F56-614D090F89C3}.Release|x64.ActiveCfg = Release|Any CPU
		{51B431CC-100B-4AC1-9F56-614D090F89C3}.Release|x86.ActiveCfg = Release|Any CPU
	EndGlobalSection
	GlobalSection(SolutionProperties) = preSolution
		HideSolutionNode = FALSE
	EndGlobalSection
EndGlobal
